
Microsoft Visual Studio Solution File, Format Version 12.00
# Visual Studio Version 17
VisualStudioVersion = 17.5.33424.131
MinimumVisualStudioVersion = 10.0.40219.1
Project("{FAE04EC0-301F-11D3-BF4B-00C04F79EFBC}") = "WpfApp49", "WpfApp49.csproj", "{F4D95D59-7D3E-48C5-94AB-84623DE6B491}"
EndProject
Global
	GlobalSection(SolutionConfigurationPlatforms) = preSolution
		Debug|Any CPU = Debug|Any CPU
		Release|Any CPU = Release|Any CPU
	EndGlobalSection
	GlobalSection(ProjectConfigurationPlatforms) = postSolution
		{F4D95D59-7D3E-48C5-94AB-84623DE6B491}.Debug|Any CPU.ActiveCfg = Debug|Any CPU
		{F4D95D59-7D3E-48C5-94AB-84623DE6B491}.Debug|Any CPU.Build.0 = Debug|Any CPU
		{F4D95D59-7D3E-48C5-94AB-84623DE6B491}.Release|Any CPU.ActiveCfg = Release|Any CPU
		{F4D95D59-7D3E-48C5-94AB-84623DE6B491}.Release|Any CPU.Build.0 = Release|Any CPU
	EndGlobalSection
	GlobalSection(SolutionProperties) = preSolution
		HideSolutionNode = FALSE
	EndGlobalSection
	GlobalSection(ExtensibilityGlobals) = postSolution
		SolutionGuid = {AF9C3BC4-B22C-4BE9-BCA9-403CFAB0DA6A}
	EndGlobalSection
EndGlobal
